# @generated - this file is auto-generated by `mise lock` https://mise.jdx.dev/dev-tools/mise-lock.html

[[tools.jq]]
version = "1.8.2"
backend = "aqua:jqlang/jq"

[tools.jq."platforms.linux-arm64"]
checksum = "sha256:8b85c817833814ddca00a144c33705546355afccf0cf39b188f3cdb48b852309"
url = "https://github.com/jqlang/jq/releases/download/jq-1.8.2/jq-linux-arm64"
url_api = "https://api.github.com/repos/jqlang/jq/releases/assets/453012756"
provenance = "github-attestations"

[tools.jq."platforms.linux-arm64-musl"]
checksum = "sha256:8b85c817833814ddca00a144c33705546355afccf0cf39b188f3cdb48b852309"
url = "https://github.com/jqlang/jq/releases/download/jq-1.8.2/jq-linux-arm64"
url_api = "https://api.github.com/repos/jqlang/jq/releases/assets/453012756"
provenance = "github-attestations"

[tools.jq."platforms.linux-x64"]
checksum = "sha256:b1c22172dd303f3be49e935aa56aa48a8b7a46e0bc838b4997d3bb451495870f"
url = "https://github.com/jqlang/jq/releases/download/jq-1.8.2/jq-linux-amd64"
url_api = "https://api.github.com/repos/jqlang/jq/releases/assets/453012752"
provenance = "github-attestations"

[tools.jq."platforms.linux-x64-musl"]
checksum = "sha256:b1c22172dd303f3be49e935aa56aa48a8b7a46e0bc838b4997d3bb451495870f"
url = "https://github.com/jqlang/jq/releases/download/jq-1.8.2/jq-linux-amd64"
url_api = "https://api.github.com/repos/jqlang/jq/releases/assets/453012752"
provenance = "github-attestations"

[tools.jq."platforms.macos-arm64"]
checksum = "sha256:2d75340ba57a4b4b4c8708a21c2dc8e958a48aaa8bba13b27f77f6e4c0eca07e"
url = "https://github.com/jqlang/jq/releases/download/jq-1.8.2/jq-macos-arm64"
url_api = "https://api.github.com/repos/jqlang/jq/releases/assets/453012783"
provenance = "github-attestations"

[tools.jq."platforms.macos-x64"]
checksum = "sha256:e94b266e3c26690550006abe63152b782280f4e14374accdf04cbde844f00bc0"
url = "https://github.com/jqlang/jq/releases/download/jq-1.8.2/jq-macos-amd64"
url_api = "https://api.github.com/repos/jqlang/jq/releases/assets/453012782"
provenance = "github-attestations"

[tools.jq."platforms.windows-x64"]
checksum = "sha256:a6fc67fedaf9128a3309a1e2ebb8b986aeccf70122ee46d2cb4849e423f0c627"
url = "https://github.com/jqlang/jq/releases/download/jq-1.8.2/jq-windows-amd64.exe"
url_api = "https://api.github.com/repos/jqlang/jq/releases/assets/453012788"
provenance = "github-attestations"

[[tools.kubectl]]
version = "1.36.3"
backend = "aqua:kubernetes/kubernetes/kubectl"

[tools.kubectl."platforms.linux-arm64"]
checksum = "sha256:3d86f24401c41ae5a46ac50eef8865fe891d3647d324a0836f6c63757a126e62"
url = "https://dl.k8s.io/v1.36.3/bin/linux/arm64/kubectl"

[tools.kubectl."platforms.linux-arm64-musl"]
checksum = "sha256:3d86f24401c41ae5a46ac50eef8865fe891d3647d324a0836f6c63757a126e62"
url = "https://dl.k8s.io/v1.36.3/bin/linux/arm64/kubectl"

[tools.kubectl."platforms.linux-x64"]
checksum = "sha256:ebbd080e7c2e275093b55915722043257eb24004363e20acb3c4d71919f88336"
url = "https://dl.k8s.io/v1.36.3/bin/linux/amd64/kubectl"

[tools.kubectl."platforms.linux-x64-musl"]
checksum = "sha256:ebbd080e7c2e275093b55915722043257eb24004363e20acb3c4d71919f88336"
url = "https://dl.k8s.io/v1.36.3/bin/linux/amd64/kubectl"

[tools.kubectl."platforms.macos-arm64"]
checksum = "sha256:fc8582acde13869a606730a79379d6515f30c68afcced0b5ac8789d5d002b7d6"
url = "https://dl.k8s.io/v1.36.3/bin/darwin/arm64/kubectl"

[tools.kubectl."platforms.macos-x64"]
checksum = "sha256:158b3b46cf74e8b6bd9b1d7cd30f665e3efb2bc1ec3c843ec925bcfdd2930de0"
url = "https://dl.k8s.io/v1.36.3/bin/darwin/amd64/kubectl"

[tools.kubectl."platforms.windows-x64"]
checksum = "sha256:ba76657b79d0ebcc3c029c171fc83c96351ba5ce0e71d185f1e5b8b873360a5f"
url = "https://dl.k8s.io/v1.36.3/bin/windows/amd64/kubectl.exe"

[[tools.terraform]]
version = "1.9.8"
backend = "aqua:hashicorp/terraform"

[tools.terraform."platforms.linux-arm64"]
checksum = "sha256:f85868798834558239f6148834884008f2722548f84034c9b0f62934b2d73ebb"
url = "https://releases.hashicorp.com/terraform/1.9.8/terraform_1.9.8_linux_arm64.zip"

[tools.terraform."platforms.linux-arm64-musl"]
checksum = "sha256:f85868798834558239f6148834884008f2722548f84034c9b0f62934b2d73ebb"
url = "https://releases.hashicorp.com/terraform/1.9.8/terraform_1.9.8_linux_arm64.zip"

[tools.terraform."platforms.linux-x64"]
checksum = "sha256:186e0145f5e5f2eb97cbd785bc78f21bae4ef15119349f6ad4fa535b83b10df8"
url = "https://releases.hashicorp.com/terraform/1.9.8/terraform_1.9.8_linux_amd64.zip"

[tools.terraform."platforms.linux-x64-musl"]
checksum = "sha256:186e0145f5e5f2eb97cbd785bc78f21bae4ef15119349f6ad4fa535b83b10df8"
url = "https://releases.hashicorp.com/terraform/1.9.8/terraform_1.9.8_linux_amd64.zip"

[tools.terraform."platforms.macos-arm64"]
checksum = "sha256:873d7b925d08578fb6bb9c12c7cd92ae73e289e07c360f2fdd69f9036b7baaab"
url = "https://releases.hashicorp.com/terraform/1.9.8/terraform_1.9.8_darwin_arm64.zip"

[tools.terraform."platforms.macos-x64"]
checksum = "sha256:be591e8c59c49d0cfbc7664d24910a4b43840b89d0a4bbca662149bbf0397e91"
url = "https://releases.hashicorp.com/terraform/1.9.8/terraform_1.9.8_darwin_amd64.zip"

[tools.terraform."platforms.windows-x64"]
checksum = "sha256:2667de56106bc6707968286357e29c20f8dbbb2f429ef57099b04994f82d9684"
url = "https://releases.hashicorp.com/terraform/1.9.8/terraform_1.9.8_windows_amd64.zip"
